
Microsoft Visual Studio Solution File, Format Version 12.00
# Visual Studio Version 16
VisualStudioVersion = 16.6.30114.105
MinimumVisualStudioVersion = 10.0.40219.1
Project("{FAE04EC0-301F-11D3-BF4B-00C04F79EFBC}") = "API", "API\API.csproj", "{FEAFB398-2A93-4A0A-B573-81E24F756B1E}"
EndProject
Project("{FAE04EC0-301F-11D3-BF4B-00C04F79EFBC}") = "Core", "Core\Core.csproj", "{C7A82C19-EB26-4DCC-A3EB-6B109DAF2239}"
EndProject
Project("{FAE04EC0-301F-11D3-BF4B-00C04F79EFBC}") = "Infrastructure", "Infrastructure\Infrastructure.csproj", "{A34C4E34-2093-42E5-8DE8-F42E502816D2}"
EndProject
Global
	GlobalSection(SolutionConfigurationPlatforms) = preSolution
		Debug|Any CPU = Debug|Any CPU
		Debug|x64 = Debug|x64
		Debug|x86 = Debug|x86
		Release|Any CPU = Release|Any CPU
		Release|x64 = Release|x64
		Release|x86 = Release|x86
	EndGlobalSection
	GlobalSection(SolutionProperties) = preSolution
		HideSolutionNode = FALSE
	EndGlobalSection
	GlobalSection(ProjectConfigurationPlatforms) = postSolution
		{FEAFB398-2A93-4A0A-B573-81E24F756B1E}.Debug|Any CPU.ActiveCfg = Debug|Any CPU
		{FEAFB398-2A93-4A0A-B573-81E24F756B1E}.Debug|Any CPU.Build.0 = Debug|Any CPU
		{FEAFB398-2A93-4A0A-B573-81E24F756B1E}.Debug|x64.ActiveCfg = Debug|Any CPU
		{FEAFB398-2A93-4A0A-B573-81E24F756B1E}.Debug|x64.Build.0 = Debug|Any CPU
		{FEAFB398-2A93-4A0A-B573-81E24F756B1E}.Debug|x86.ActiveCfg = Debug|Any CPU
		{FEAFB398-2A93-4A0A-B573-81E24F756B1E}.Debug|x86.Build.0 = Debug|Any CPU
		{FEAFB398-2A93-4A0A-B573-81E24F756B1E}.Release|Any CPU.ActiveCfg = Release|Any CPU
		{FEAFB398-2A93-4A0A-B573-81E24F756B1E}.Release|Any CPU.Build.0 = Release|Any CPU
		{FEAFB398-2A93-4A0A-B573-81E24F756B1E}.Release|x64.ActiveCfg = Release|Any CPU
		{FEAFB398-2A93-4A0A-B573-81E24F756B1E}.Release|x64.Build.0 = Release|Any CPU
		{FEAFB398-2A93-4A0A-B573-81E24F756B1E}.Release|x86.ActiveCfg = Release|Any CPU
		{FEAFB398-2A93-4A0A-B573-81E24F756B1E}.Release|x86.Build.0 = Release|Any CPU
		{C7A82C19-EB26-4DCC-A3EB-6B109DAF2239}.Debug|Any CPU.ActiveCfg = Debug|Any CPU
		{C7A82C19-EB26-4DCC-A3EB-6B109DAF2239}.Debug|Any CPU.Build.0 = Debug|Any CPU
		{C7A82C19-EB26-4DCC-A3EB-6B109DAF2239}.Debug|x64.ActiveCfg = Debug|Any CPU
		{C7A82C19-EB26-4DCC-A3EB-6B109DAF2239}.Debug|x64.Build.0 = Debug|Any CPU
		{C7A82C19-EB26-4DCC-A3EB-6B109DAF2239}.Debug|x86.ActiveCfg = Debug|Any CPU
		{C7A82C19-EB26-4DCC-A3EB-6B109DAF2239}.Debug|x86.Build.0 = Debug|Any CPU
		{C7A82C19-EB26-4DCC-A3EB-6B109DAF2239}.Release|Any CPU.ActiveCfg = Release|Any CPU
		{C7A82C19-EB26-4DCC-A3EB-6B109DAF2239}.Release|Any CPU.Build.0 = Release|Any CPU
		{C7A82C19-EB26-4DCC-A3EB-6B109DAF2239}.Release|x64.ActiveCfg = Release|Any CPU
		{C7A82C19-EB26-4DCC-A3EB-6B109DAF2239}.Release|x64.Build.0 = Release|Any CPU
		{C7A82C19-EB26-4DCC-A3EB-6B109DAF2239}.Release|x86.ActiveCfg = Release|Any CPU
		{C7A82C19-EB26-4DCC-A3EB-6B109DAF2239}.Release|x86.Build.0 = Release|Any CPU
		{A34C4E34-2093-42E5-8DE8-F42E502816D2}.Debug|Any CPU.ActiveCfg = Debug|Any CPU
		{A34C4E34-2093-42E5-8DE8-F42E502816D2}.Debug|Any CPU.Build.0 = Debug|Any CPU
		{A34C4E34-2093-42E5-8DE8-F42E502816D2}.Debug|x64.ActiveCfg = Debug|Any CPU
		{A34C4E34-2093-42E5-8DE8-F42E502816D2}.Debug|x64.Build.0 = Debug|Any CPU
		{A34C4E34-2093-42E5-8DE8-F42E502816D2}.Debug|x86.ActiveCfg = Debug|Any CPU
		{A34C4E34-2093-42E5-8DE8-F42E502816D2}.Debug|x86.Build.0 = Debug|Any CPU
		{A34C4E34-2093-42E5-8DE8-F42E502816D2}.Release|Any CPU.ActiveCfg = Release|Any CPU
		{A34C4E34-2093-42E5-8DE8-F42E502816D2}.Release|Any CPU.Build.0 = Release|Any CPU
		{A34C4E34-2093-42E5-8DE8-F42E502816D2}.Release|x64.ActiveCfg = Release|Any CPU
		{A34C4E34-2093-42E5-8DE8-F42E502816D2}.Release|x64.Build.0 = Release|Any CPU
		{A34C4E34-2093-42E5-8DE8-F42E502816D2}.Release|x86.ActiveCfg = Release|Any CPU
		{A34C4E34-2093-42E5-8DE8-F42E502816D2}.Release|x86.Build.0 = Release|Any CPU
	EndGlobalSection
EndGlobal
